hash: 1d266528a5e8d1f483afefe56e78e832553cf360d2a899b2c0e489ae387fe7ef
updated: 2018-07-19T23:50:06.927443+03:00
imports:
- name: github.com/corpix/uarand
  version: 2b8494104d86337cdd41d0a49cbed8e4583c0ab4
- name: github.com/gorilla/context
  version: 08b5f424b9271eedf6f9f0ce86cb9396ed337a42
- name: github.com/gorilla/mux
  version: e3702bed27f0d39777b0b37b664b6280e8ef8fbf
- name: github.com/icrowley/fake
  version: 4178557ae428460c3780a381c824a1f3aceb6325
- name: gopkg.in/mgo.v2
  version: 9856a29383ce1c59f308dd1cf0363a79b5bef6b5
  subpackages:
  - bson
  - internal/json
  - internal/sasl
  - internal/scram
testImports: []
